{
  "nodes": {
    "astronvim-template": {
      "flake": false,
      "locked": {
        "lastModified": 1749212322,
        "narHash": "sha256-nxPdSG4TMpNwB8d4s3Iw/uULZgx04HBYf+QSwZXQyH8=",
        "owner": "AstroNvim",
        "repo": "template",
        "rev": "89ebfd35d6415634d82cc6f2991bf66c842872d0",
        "type": "github"
      },
      "original": {
        "owner": "AstroNvim",
        "repo": "template",
        "type": "github"
      }
    },
    "home-manager": {
      "inputs": {
        "nixpkgs": [
          "nixpkgs"
        ]
      },
      "locked": {
        "lastModified": 1763837297,
        "narHash": "sha256-o60Q4UcjzYgF3BjC5moJEs7bPIYedHWPVcFjeRaH/JE=",
        "owner": "nix-community",
        "repo": "home-manager",
        "rev": "f07573df41506a0890ae8529fa51fe60cf563f4a",
        "type": "github"
      },
      "original": {
        "owner": "nix-community",
        "repo": "home-manager",
        "type": "github"
      }
    },
    "home-manager_2": {
      "inputs": {
        "nixpkgs": [
          "zen-browser",
          "nixpkgs"
        ]
      },
      "locked": {
        "lastModified": 1762964643,
        "narHash": "sha256-RYHN8O/Aja59XDji6WSJZPkJpYVUfpSkyH+PEupBJqM=",
        "owner": "nix-community",
        "repo": "home-manager",
        "rev": "827f2a23373a774a8805f84ca5344654c31f354b",
        "type": "github"
      },
      "original": {
        "owner": "nix-community",
        "repo": "home-manager",
        "type": "github"
      }
    },
    "nixpkgs": {
      "locked": {
        "lastModified": 1763678758,
        "narHash": "sha256-+hBiJ+kG5IoffUOdlANKFflTT5nO3FrrR2CA3178Y5s=",
        "owner": "nixos",
        "repo": "nixpkgs",
        "rev": "117cc7f94e8072499b0a7aa4c52084fa4e11cc9b",
        "type": "github"
      },
      "original": {
        "owner": "nixos",
        "ref": "nixos-unstable",
        "repo": "nixpkgs",
        "type": "github"
      }
    },
    "root": {
      "inputs": {
        "astronvim-template": "astronvim-template",
        "home-manager": "home-manager",
        "nixpkgs": "nixpkgs",
        "zen-browser": "zen-browser"
      }
    },
    "zen-browser": {
      "inputs": {
        "home-manager": "home-manager_2",
        "nixpkgs": [
          "nixpkgs"
        ]
      },
      "locked": {
        "lastModified": 1763780714,
        "narHash": "sha256-n2T7r5HkxofkT3mIbb2bNkzacBdhP/bVeph/yGNnBek=",
        "owner": "0xc000022070",
        "repo": "zen-browser-flake",
        "rev": "ef951ed2d976bcd1f57a09f358fdda9fa9425018",
        "type": "github"
      },
      "original": {
        "owner": "0xc000022070",
        "repo": "zen-browser-flake",
        "type": "github"
      }
    }
  },
  "root": "root",
  "version": 7
}
