{
  "nodes": {
    "astronvim-template": {
      "flake": false,
      "locked": {
        "lastModified": 1749212322,
        "narHash": "sha256-nxPdSG4TMpNwB8d4s3Iw/uULZgx04HBYf+QSwZXQyH8=",
        "owner": "AstroNvim",
        "repo": "template",
        "rev": "89ebfd35d6415634d82cc6f2991bf66c842872d0",
        "type": "github"
      },
      "original": {
        "owner": "AstroNvim",
        "repo": "template",
        "type": "github"
      }
    },
    "home-manager": {
      "inputs": {
        "nixpkgs": [
          "nixpkgs"
        ]
      },
      "locked": {
        "lastModified": 1764998300,
        "narHash": "sha256-fZatn/KLfHLDXnF0wy7JxXqGaZmGDTVufT4o/AOlj44=",
        "owner": "nix-community",
        "repo": "home-manager",
        "rev": "27a6182347ccae90a88231ae0dc5dfa7d15815bb",
        "type": "github"
      },
      "original": {
        "owner": "nix-community",
        "repo": "home-manager",
        "type": "github"
      }
    },
    "home-manager_2": {
      "inputs": {
        "nixpkgs": [
          "zen-browser",
          "nixpkgs"
        ]
      },
      "locked": {
        "lastModified": 1762964643,
        "narHash": "sha256-RYHN8O/Aja59XDji6WSJZPkJpYVUfpSkyH+PEupBJqM=",
        "owner": "nix-community",
        "repo": "home-manager",
        "rev": "827f2a23373a774a8805f84ca5344654c31f354b",
        "type": "github"
      },
      "original": {
        "owner": "nix-community",
        "repo": "home-manager",
        "type": "github"
      }
    },
    "nixpkgs": {
      "locked": {
        "lastModified": 1764950072,
        "narHash": "sha256-BmPWzogsG2GsXZtlT+MTcAWeDK5hkbGRZTeZNW42fwA=",
        "owner": "nixos",
        "repo": "nixpkgs",
        "rev": "f61125a668a320878494449750330ca58b78c557",
        "type": "github"
      },
      "original": {
        "owner": "nixos",
        "ref": "nixos-unstable",
        "repo": "nixpkgs",
        "type": "github"
      }
    },
    "noctalia": {
      "inputs": {
        "nixpkgs": [
          "nixpkgs"
        ]
      },
      "locked": {
        "lastModified": 1765145873,
        "narHash": "sha256-ejtUUn9wNV/Oav+u+e4pt357Vs8eGNhbQYy4GrdBWbc=",
        "owner": "noctalia-dev",
        "repo": "noctalia-shell",
        "rev": "e01e8854abf053ead909756a6058d7f2b039786f",
        "type": "github"
      },
      "original": {
        "owner": "noctalia-dev",
        "repo": "noctalia-shell",
        "type": "github"
      }
    },
    "root": {
      "inputs": {
        "astronvim-template": "astronvim-template",
        "home-manager": "home-manager",
        "nixpkgs": "nixpkgs",
        "noctalia": "noctalia",
        "zen-browser": "zen-browser"
      }
    },
    "zen-browser": {
      "inputs": {
        "home-manager": "home-manager_2",
        "nixpkgs": [
          "nixpkgs"
        ]
      },
      "locked": {
        "lastModified": 1765084755,
        "narHash": "sha256-Da6OF+dMG/L8IRrWE7bgJPclrh6e8BJCUs0mp8V9MsA=",
        "owner": "0xc000022070",
        "repo": "zen-browser-flake",
        "rev": "3865973f52b821abc9c1cb2b21245391de42cc79",
        "type": "github"
      },
      "original": {
        "owner": "0xc000022070",
        "repo": "zen-browser-flake",
        "type": "github"
      }
    }
  },
  "root": "root",
  "version": 7
}
